
Microsoft Visual Studio Solution File, Format Version 12.00
# Visual Studio Version 17
VisualStudioVersion = 17.11.35208.52
MinimumVisualStudioVersion = 10.0.40219.1
Project("{FAE04EC0-301F-11D3-BF4B-00C04F79EFBC}") = "WordGuessing", "WordGuessing.csproj", "{72AEEC6A-E96F-4D41-AB33-E8FA2060FC3C}"
EndProject
Global
	GlobalSection(SolutionConfigurationPlatforms) = preSolution
		Debug|Any CPU = Debug|Any CPU
		Release|Any CPU = Release|Any CPU
	EndGlobalSection
	GlobalSection(ProjectConfigurationPlatforms) = postSolution
		{72AEEC6A-E96F-4D41-AB33-E8FA2060FC3C}.Debug|Any CPU.ActiveCfg = Debug|Any CPU
		{72AEEC6A-E96F-4D41-AB33-E8FA2060FC3C}.Debug|Any CPU.Build.0 = Debug|Any CPU
		{72AEEC6A-E96F-4D41-AB33-E8FA2060FC3C}.Release|Any CPU.ActiveCfg = Release|Any CPU
		{72AEEC6A-E96F-4D41-AB33-E8FA2060FC3C}.Release|Any CPU.Build.0 = Release|Any CPU
	EndGlobalSection
	GlobalSection(SolutionProperties) = preSolution
		HideSolutionNode = FALSE
	EndGlobalSection
	GlobalSection(ExtensibilityGlobals) = postSolution
		SolutionGuid = {26E76E31-80A1-4894-BFE7-3819E3EFE4DC}
	EndGlobalSection
EndGlobal
