
Microsoft Visual Studio Solution File, Format Version 12.00
# Visual Studio Version 17
VisualStudioVersion = 17.10.35027.167
MinimumVisualStudioVersion = 10.0.40219.1
Project("{FAE04EC0-301F-11D3-BF4B-00C04F79EFBC}") = "EmployeeApplication", "EmployeeApplication\EmployeeApplication.csproj", "{4F5EA5B7-0AFA-4490-8246-175B18ECDC10}"
EndProject
Global
	GlobalSection(SolutionConfigurationPlatforms) = preSolution
		Debug|Any CPU = Debug|Any CPU
		Release|Any CPU = Release|Any CPU
	EndGlobalSection
	GlobalSection(ProjectConfigurationPlatforms) = postSolution
		{4F5EA5B7-0AFA-4490-8246-175B18ECDC10}.Debug|Any CPU.ActiveCfg = Debug|Any CPU
		{4F5EA5B7-0AFA-4490-8246-175B18ECDC10}.Debug|Any CPU.Build.0 = Debug|Any CPU
		{4F5EA5B7-0AFA-4490-8246-175B18ECDC10}.Release|Any CPU.ActiveCfg = Release|Any CPU
		{4F5EA5B7-0AFA-4490-8246-175B18ECDC10}.Release|Any CPU.Build.0 = Release|Any CPU
	EndGlobalSection
	GlobalSection(SolutionProperties) = preSolution
		HideSolutionNode = FALSE
	EndGlobalSection
	GlobalSection(ExtensibilityGlobals) = postSolution
		SolutionGuid = {5761E242-854D-47D3-9304-9D016A5546B7}
	EndGlobalSection
EndGlobal
